Microsoft Visual Studio Solution File, Format Version 12.00
# Visual Studio Version 16
VisualStudioVersion = 16.6.5
Project("{2150E333-8FDC-42A3-9474-1A3956D46DE8}") = "src", "src", "{2B8A3073-9CAB-48CF-8676-72955CE85F57}"
EndProject
Project("{2150E333-8FDC-42A3-9474-1A3956D46DE8}") = "test", "test", "{3E200395-84BC-4733-BD4A-58C1245C7A65}"
EndProject
Project("{2150E333-8FDC-42A3-9474-1A3956D46DE8}") = "core", "core", "{11BE5396-23BD-4E3A-B558-28873B15F7F9}"
EndProject
Project("{2150E333-8FDC-42A3-9474-1A3956D46DE8}") = "framework", "framework", "{F2B29BE9-4E19-4DA1-8D6A-214AACFA4936}"
EndProject
Project("{2150E333-8FDC-42A3-9474-1A3956D46DE8}") = "core", "core", "{735FEFC2-95E6-4808-8399-AE99910D3FCE}"
EndProject
Project("{FAE04EC0-301F-11D3-BF4B-00C04F79EFBC}") = "Framework.Web", "src\framework\Framework.Web\Framework.Web.csproj", "{46B0528B-7DC2-4E0F-BD18-EB24D41CB1F0}"
EndProject
Project("{FAE04EC0-301F-11D3-BF4B-00C04F79EFBC}") = "Core.Web", "src\core\Core.Web\Core.Web.csproj", "{2B26BA64-07A2-4535-BF74-94EF66C57882}"
EndProject
Project("{FAE04EC0-301F-11D3-BF4B-00C04F79EFBC}") = "Core.Common", "src\core\Core.Common\Core.Common.csproj", "{3CC2C3E0-763C-43FF-923C-829FAB5BF628}"
EndProject
Project("{2150E333-8FDC-42A3-9474-1A3956D46DE8}") = "framework", "framework", "{395E096C-C1CC-4FCA-AB7B-6A84EBF584B7}"
EndProject
Project("{FAE04EC0-301F-11D3-BF4B-00C04F79EFBC}") = "Framework.Web.Tests", "test\framework\Framework.Web.Tests\Framework.Web.Tests.csproj", "{EF5B29B2-242F-4CE7-8635-947F015D547E}"
EndProject
Project("{FAE04EC0-301F-11D3-BF4B-00C04F79EFBC}") = "Core.Testing", "src\core\Core.Testing\Core.Testing.csproj", "{3A9CA6FA-ECB8-4BE0-AC34-73634CF4A3AE}"
EndProject
Project("{FAE04EC0-301F-11D3-BF4B-00C04F79EFBC}") = "Framework.Logging", "src\framework\Framework.Logging\Framework.Logging.csproj", "{C7F896F0-2138-42E8-825A-C2C05FC88516}"
EndProject
Project("{FAE04EC0-301F-11D3-BF4B-00C04F79EFBC}") = "Core.Rest", "src\core\Core.Rest\Core.Rest.csproj", "{0DBEDA63-A18B-4C1B-A321-3AC48C0DD3DC}"
EndProject
Project("{FAE04EC0-301F-11D3-BF4B-00C04F79EFBC}") = "Framework.Rest", "src\framework\Framework.Rest\Framework.Rest.csproj", "{5B457AF2-1061-4F9D-AC4C-B5F1C6A3109C}"
EndProject
Project("{FAE04EC0-301F-11D3-BF4B-00C04F79EFBC}") = "Core.Rest.Tests", "test\core\Core.Rest.Tests\Core.Rest.Tests.csproj", "{5636DCBB-8C93-4682-A0D9-B3E59DF12864}"
EndProject
Project("{FAE04EC0-301F-11D3-BF4B-00C04F79EFBC}") = "Framework.Rest.Tests", "test\framework\Framework.Rest.Tests\Framework.Rest.Tests.csproj", "{CD01D552-A6BC-438E-BEEA-10F45BF92A26}"
EndProject
Project("{FAE04EC0-301F-11D3-BF4B-00C04F79EFBC}") = "Framework.DependencyInjection", "src\framework\Framework.DependencyInjection\Framework.DependencyInjection.csproj", "{34E8B2D1-55B0-4EB3-8111-AB40CB63CBE4}"
EndProject
Project("{FAE04EC0-301F-11D3-BF4B-00C04F79EFBC}") = "Core.DependencyInjection", "src\core\Core.DependencyInjection\Core.DependencyInjection.csproj", "{A18CC295-B2BC-4F18-8095-F33E9C3D3C48}"
EndProject
Project("{9A19103F-16F7-4668-BE54-9A1E7A4F7556}") = "ExampleWebApi", "ExampleWebApi\ExampleWebApi.csproj", "{E8A5B6D8-D242-47D5-858E-A88B5D9E9A17}"
EndProject
Project("{FAE04EC0-301F-11D3-BF4B-00C04F79EFBC}") = "Framework.DependencyInjection.Tests", "test\framework\Framework.DependencyInjection.Tests\Framework.DependencyInjection.Tests.csproj", "{397EE2CD-4057-4C74-AA28-63FBBDC966CD}"
EndProject
Project("{FAE04EC0-301F-11D3-BF4B-00C04F79EFBC}") = "Core.Encryption", "src\core\Core.Encryption\Core.Encryption.csproj", "{F0C7CA1B-7A45-45C0-B183-69782707DDAA}"
EndProject
Project("{FAE04EC0-301F-11D3-BF4B-00C04F79EFBC}") = "Framework.Encryption", "src\framework\Framework.Encryption\Framework.Encryption.csproj", "{98E5A23D-FC1E-47FE-9B2E-638F7FB6AEE1}"
EndProject
Project("{FAE04EC0-301F-11D3-BF4B-00C04F79EFBC}") = "Framework.Encryption.Tests", "test\framework\Framework.Encryption.Tests\Framework.Encryption.Tests.csproj", "{03FAC333-61E2-4D6F-A0CF-D8C9139F06D3}"
EndProject
Project("{FAE04EC0-301F-11D3-BF4B-00C04F79EFBC}") = "Framework.Swagger", "src\framework\Framework.Swagger\Framework.Swagger.csproj", "{B2A3D7B3-6966-4F0B-B5D6-5D28341C8A73}"
EndProject
Project("{FAE04EC0-301F-11D3-BF4B-00C04F79EFBC}") = "Framework.Swagger.Tests", "test\framework\Framework.Swagger.Tests\Framework.Swagger.Tests.csproj", "{C4C04239-387B-4BF8-AAC2-81089458BBA0}"
EndProject
Project("{FAE04EC0-301F-11D3-BF4B-00C04F79EFBC}") = "Core.Common.Tests", "test\core\Core.Common.Tests\Core.Common.Tests.csproj", "{E7473674-C3D8-48AB-AD2F-7C618E011B51}"
EndProject
Project("{FAE04EC0-301F-11D3-BF4B-00C04F79EFBC}") = "Framework.Telemetry", "src\framework\Framework.Telemetry\Framework.Telemetry.csproj", "{C08BB036-620D-4892-A610-500D1C9B77D6}"
EndProject
Project("{FAE04EC0-301F-11D3-BF4B-00C04F79EFBC}") = "Core.Telemetry", "src\core\Core.Telemetry\Core.Telemetry.csproj", "{F1F68D7A-70DA-4B1A-A7EA-1C23FA60D84D}"
EndProject
Project("{FAE04EC0-301F-11D3-BF4B-00C04F79EFBC}") = "Core.Telemetry.Tests", "test\core\Core.Telemetry.Tests\Core.Telemetry.Tests.csproj", "{880591B1-0FC8-4F8B-8D84-968D3C452377}"
EndProject
Project("{FAE04EC0-301F-11D3-BF4B-00C04F79EFBC}") = "Framework.Telemetry.Tests", "test\framework\Framework.Telemetry.Tests\Framework.Telemetry.Tests.csproj", "{F2DBF2EA-0DEE-4DE6-A058-BDB8EC4C06F5}"
EndProject
Project("{FAE04EC0-301F-11D3-BF4B-00C04F79EFBC}") = "Core.Testing.Tests", "test\core\Core.Testing.Tests\Core.Testing.Tests.csproj", "{357C7867-7406-42D2-ADEC-05C49E4841AE}"
EndProject
Project("{FAE04EC0-301F-11D3-BF4B-00C04F79EFBC}") = "Core.PubSub", "src\core\Core.PubSub\Core.PubSub.csproj", "{2BD03E31-AB4C-476A-8CF2-FA117FF2A648}"
EndProject
Project("{FAE04EC0-301F-11D3-BF4B-00C04F79EFBC}") = "Framework.PubSub", "src\framework\Framework.PubSub\Framework.PubSub.csproj", "{71CB3CF7-4C99-464D-8B56-AD3416BB4FD5}"
EndProject
Project("{FAE04EC0-301F-11D3-BF4B-00C04F79EFBC}") = "Framework.PubSub.Tests", "test\framework\Framework.PubSub.Tests\Framework.PubSub.Tests.csproj", "{868F6001-36CF-4B32-8782-8F2DD4648C3F}"
EndProject
Global
	GlobalSection(SolutionConfigurationPlatforms) = preSolution
		Debug|Any CPU = Debug|Any CPU
		Debug|x64 = Debug|x64
		Debug|x86 = Debug|x86
		Release|Any CPU = Release|Any CPU
		Release|x64 = Release|x64
		Release|x86 = Release|x86
	EndGlobalSection
	GlobalSection(NestedProjects) = preSolution
		{11BE5396-23BD-4E3A-B558-28873B15F7F9} = {2B8A3073-9CAB-48CF-8676-72955CE85F57}
		{F2B29BE9-4E19-4DA1-8D6A-214AACFA4936} = {2B8A3073-9CAB-48CF-8676-72955CE85F57}
		{735FEFC2-95E6-4808-8399-AE99910D3FCE} = {3E200395-84BC-4733-BD4A-58C1245C7A65}
		{46B0528B-7DC2-4E0F-BD18-EB24D41CB1F0} = {F2B29BE9-4E19-4DA1-8D6A-214AACFA4936}
		{2B26BA64-07A2-4535-BF74-94EF66C57882} = {11BE5396-23BD-4E3A-B558-28873B15F7F9}
		{3CC2C3E0-763C-43FF-923C-829FAB5BF628} = {11BE5396-23BD-4E3A-B558-28873B15F7F9}
		{395E096C-C1CC-4FCA-AB7B-6A84EBF584B7} = {3E200395-84BC-4733-BD4A-58C1245C7A65}
		{EF5B29B2-242F-4CE7-8635-947F015D547E} = {395E096C-C1CC-4FCA-AB7B-6A84EBF584B7}
		{3A9CA6FA-ECB8-4BE0-AC34-73634CF4A3AE} = {11BE5396-23BD-4E3A-B558-28873B15F7F9}
		{C7F896F0-2138-42E8-825A-C2C05FC88516} = {F2B29BE9-4E19-4DA1-8D6A-214AACFA4936}
		{0DBEDA63-A18B-4C1B-A321-3AC48C0DD3DC} = {11BE5396-23BD-4E3A-B558-28873B15F7F9}
		{34E8B2D1-55B0-4EB3-8111-AB40CB63CBE4} = {F2B29BE9-4E19-4DA1-8D6A-214AACFA4936}
		{A18CC295-B2BC-4F18-8095-F33E9C3D3C48} = {11BE5396-23BD-4E3A-B558-28873B15F7F9}
		{5B457AF2-1061-4F9D-AC4C-B5F1C6A3109C} = {F2B29BE9-4E19-4DA1-8D6A-214AACFA4936}
		{5636DCBB-8C93-4682-A0D9-B3E59DF12864} = {735FEFC2-95E6-4808-8399-AE99910D3FCE}
		{CD01D552-A6BC-438E-BEEA-10F45BF92A26} = {395E096C-C1CC-4FCA-AB7B-6A84EBF584B7}
		{397EE2CD-4057-4C74-AA28-63FBBDC966CD} = {395E096C-C1CC-4FCA-AB7B-6A84EBF584B7}
		{F0C7CA1B-7A45-45C0-B183-69782707DDAA} = {11BE5396-23BD-4E3A-B558-28873B15F7F9}
		{98E5A23D-FC1E-47FE-9B2E-638F7FB6AEE1} = {F2B29BE9-4E19-4DA1-8D6A-214AACFA4936}
		{03FAC333-61E2-4D6F-A0CF-D8C9139F06D3} = {395E096C-C1CC-4FCA-AB7B-6A84EBF584B7}
		{B2A3D7B3-6966-4F0B-B5D6-5D28341C8A73} = {F2B29BE9-4E19-4DA1-8D6A-214AACFA4936}
		{C4C04239-387B-4BF8-AAC2-81089458BBA0} = {395E096C-C1CC-4FCA-AB7B-6A84EBF584B7}
		{E7473674-C3D8-48AB-AD2F-7C618E011B51} = {735FEFC2-95E6-4808-8399-AE99910D3FCE}
		{C08BB036-620D-4892-A610-500D1C9B77D6} = {F2B29BE9-4E19-4DA1-8D6A-214AACFA4936}
		{F1F68D7A-70DA-4B1A-A7EA-1C23FA60D84D} = {11BE5396-23BD-4E3A-B558-28873B15F7F9}
		{880591B1-0FC8-4F8B-8D84-968D3C452377} = {735FEFC2-95E6-4808-8399-AE99910D3FCE}
		{F2DBF2EA-0DEE-4DE6-A058-BDB8EC4C06F5} = {395E096C-C1CC-4FCA-AB7B-6A84EBF584B7}
		{357C7867-7406-42D2-ADEC-05C49E4841AE} = {735FEFC2-95E6-4808-8399-AE99910D3FCE}
		{2BD03E31-AB4C-476A-8CF2-FA117FF2A648} = {11BE5396-23BD-4E3A-B558-28873B15F7F9}
		{71CB3CF7-4C99-464D-8B56-AD3416BB4FD5} = {F2B29BE9-4E19-4DA1-8D6A-214AACFA4936}
		{868F6001-36CF-4B32-8782-8F2DD4648C3F} = {395E096C-C1CC-4FCA-AB7B-6A84EBF584B7}
	EndGlobalSection
	GlobalSection(ProjectConfigurationPlatforms) = postSolution
		{46B0528B-7DC2-4E0F-BD18-EB24D41CB1F0}.Debug|Any CPU.ActiveCfg = Debug|Any CPU
		{46B0528B-7DC2-4E0F-BD18-EB24D41CB1F0}.Debug|Any CPU.Build.0 = Debug|Any CPU
		{46B0528B-7DC2-4E0F-BD18-EB24D41CB1F0}.Debug|x64.ActiveCfg = Debug|Any CPU
		{46B0528B-7DC2-4E0F-BD18-EB24D41CB1F0}.Debug|x64.Build.0 = Debug|Any CPU
		{46B0528B-7DC2-4E0F-BD18-EB24D41CB1F0}.Debug|x86.ActiveCfg = Debug|Any CPU
		{46B0528B-7DC2-4E0F-BD18-EB24D41CB1F0}.Debug|x86.Build.0 = Debug|Any CPU
		{46B0528B-7DC2-4E0F-BD18-EB24D41CB1F0}.Release|Any CPU.ActiveCfg = Release|Any CPU
		{46B0528B-7DC2-4E0F-BD18-EB24D41CB1F0}.Release|Any CPU.Build.0 = Release|Any CPU
		{46B0528B-7DC2-4E0F-BD18-EB24D41CB1F0}.Release|x64.ActiveCfg = Release|Any CPU
		{46B0528B-7DC2-4E0F-BD18-EB24D41CB1F0}.Release|x64.Build.0 = Release|Any CPU
		{46B0528B-7DC2-4E0F-BD18-EB24D41CB1F0}.Release|x86.ActiveCfg = Release|Any CPU
		{46B0528B-7DC2-4E0F-BD18-EB24D41CB1F0}.Release|x86.Build.0 = Release|Any CPU
		{2B26BA64-07A2-4535-BF74-94EF66C57882}.Debug|Any CPU.ActiveCfg = Debug|Any CPU
		{2B26BA64-07A2-4535-BF74-94EF66C57882}.Debug|Any CPU.Build.0 = Debug|Any CPU
		{2B26BA64-07A2-4535-BF74-94EF66C57882}.Debug|x64.ActiveCfg = Debug|Any CPU
		{2B26BA64-07A2-4535-BF74-94EF66C57882}.Debug|x64.Build.0 = Debug|Any CPU
		{2B26BA64-07A2-4535-BF74-94EF66C57882}.Debug|x86.ActiveCfg = Debug|Any CPU
		{2B26BA64-07A2-4535-BF74-94EF66C57882}.Debug|x86.Build.0 = Debug|Any CPU
		{2B26BA64-07A2-4535-BF74-94EF66C57882}.Release|Any CPU.ActiveCfg = Release|Any CPU
		{2B26BA64-07A2-4535-BF74-94EF66C57882}.Release|Any CPU.Build.0 = Release|Any CPU
		{2B26BA64-07A2-4535-BF74-94EF66C57882}.Release|x64.ActiveCfg = Release|Any CPU
		{2B26BA64-07A2-4535-BF74-94EF66C57882}.Release|x64.Build.0 = Release|Any CPU
		{2B26BA64-07A2-4535-BF74-94EF66C57882}.Release|x86.ActiveCfg = Release|Any CPU
		{2B26BA64-07A2-4535-BF74-94EF66C57882}.Release|x86.Build.0 = Release|Any CPU
		{3CC2C3E0-763C-43FF-923C-829FAB5BF628}.Debug|Any CPU.ActiveCfg = Debug|Any CPU
		{3CC2C3E0-763C-43FF-923C-829FAB5BF628}.Debug|Any CPU.Build.0 = Debug|Any CPU
		{3CC2C3E0-763C-43FF-923C-829FAB5BF628}.Debug|x64.ActiveCfg = Debug|Any CPU
		{3CC2C3E0-763C-43FF-923C-829FAB5BF628}.Debug|x64.Build.0 = Debug|Any CPU
		{3CC2C3E0-763C-43FF-923C-829FAB5BF628}.Debug|x86.ActiveCfg = Debug|Any CPU
		{3CC2C3E0-763C-43FF-923C-829FAB5BF628}.Debug|x86.Build.0 = Debug|Any CPU
		{3CC2C3E0-763C-43FF-923C-829FAB5BF628}.Release|Any CPU.ActiveCfg = Release|Any CPU
		{3CC2C3E0-763C-43FF-923C-829FAB5BF628}.Release|Any CPU.Build.0 = Release|Any CPU
		{3CC2C3E0-763C-43FF-923C-829FAB5BF628}.Release|x64.ActiveCfg = Release|Any CPU
		{3CC2C3E0-763C-43FF-923C-829FAB5BF628}.Release|x64.Build.0 = Release|Any CPU
		{3CC2C3E0-763C-43FF-923C-829FAB5BF628}.Release|x86.ActiveCfg = Release|Any CPU
		{3CC2C3E0-763C-43FF-923C-829FAB5BF628}.Release|x86.Build.0 = Release|Any CPU
		{EF5B29B2-242F-4CE7-8635-947F015D547E}.Debug|Any CPU.ActiveCfg = Debug|Any CPU
		{EF5B29B2-242F-4CE7-8635-947F015D547E}.Debug|Any CPU.Build.0 = Debug|Any CPU
		{EF5B29B2-242F-4CE7-8635-947F015D547E}.Debug|x64.ActiveCfg = Debug|Any CPU
		{EF5B29B2-242F-4CE7-8635-947F015D547E}.Debug|x64.Build.0 = Debug|Any CPU
		{EF5B29B2-242F-4CE7-8635-947F015D547E}.Debug|x86.ActiveCfg = Debug|Any CPU
		{EF5B29B2-242F-4CE7-8635-947F015D547E}.Debug|x86.Build.0 = Debug|Any CPU
		{EF5B29B2-242F-4CE7-8635-947F015D547E}.Release|Any CPU.ActiveCfg = Release|Any CPU
		{EF5B29B2-242F-4CE7-8635-947F015D547E}.Release|Any CPU.Build.0 = Release|Any CPU
		{EF5B29B2-242F-4CE7-8635-947F015D547E}.Release|x64.ActiveCfg = Release|Any CPU
		{EF5B29B2-242F-4CE7-8635-947F015D547E}.Release|x64.Build.0 = Release|Any CPU
		{EF5B29B2-242F-4CE7-8635-947F015D547E}.Release|x86.ActiveCfg = Release|Any CPU
		{EF5B29B2-242F-4CE7-8635-947F015D547E}.Release|x86.Build.0 = Release|Any CPU
		{3A9CA6FA-ECB8-4BE0-AC34-73634CF4A3AE}.Debug|Any CPU.ActiveCfg = Debug|Any CPU
		{3A9CA6FA-ECB8-4BE0-AC34-73634CF4A3AE}.Debug|Any CPU.Build.0 = Debug|Any CPU
		{3A9CA6FA-ECB8-4BE0-AC34-73634CF4A3AE}.Debug|x64.ActiveCfg = Debug|Any CPU
		{3A9CA6FA-ECB8-4BE0-AC34-73634CF4A3AE}.Debug|x64.Build.0 = Debug|Any CPU
		{3A9CA6FA-ECB8-4BE0-AC34-73634CF4A3AE}.Debug|x86.ActiveCfg = Debug|Any CPU
		{3A9CA6FA-ECB8-4BE0-AC34-73634CF4A3AE}.Debug|x86.Build.0 = Debug|Any CPU
		{3A9CA6FA-ECB8-4BE0-AC34-73634CF4A3AE}.Release|Any CPU.ActiveCfg = Release|Any CPU
		{3A9CA6FA-ECB8-4BE0-AC34-73634CF4A3AE}.Release|Any CPU.Build.0 = Release|Any CPU
		{3A9CA6FA-ECB8-4BE0-AC34-73634CF4A3AE}.Release|x64.ActiveCfg = Release|Any CPU
		{3A9CA6FA-ECB8-4BE0-AC34-73634CF4A3AE}.Release|x64.Build.0 = Release|Any CPU
		{3A9CA6FA-ECB8-4BE0-AC34-73634CF4A3AE}.Release|x86.ActiveCfg = Release|Any CPU
		{3A9CA6FA-ECB8-4BE0-AC34-73634CF4A3AE}.Release|x86.Build.0 = Release|Any CPU
		{C7F896F0-2138-42E8-825A-C2C05FC88516}.Debug|Any CPU.ActiveCfg = Debug|Any CPU
		{C7F896F0-2138-42E8-825A-C2C05FC88516}.Debug|Any CPU.Build.0 = Debug|Any CPU
		{C7F896F0-2138-42E8-825A-C2C05FC88516}.Debug|x64.ActiveCfg = Debug|Any CPU
		{C7F896F0-2138-42E8-825A-C2C05FC88516}.Debug|x64.Build.0 = Debug|Any CPU
		{C7F896F0-2138-42E8-825A-C2C05FC88516}.Debug|x86.ActiveCfg = Debug|Any CPU
		{C7F896F0-2138-42E8-825A-C2C05FC88516}.Debug|x86.Build.0 = Debug|Any CPU
		{C7F896F0-2138-42E8-825A-C2C05FC88516}.Release|Any CPU.ActiveCfg = Release|Any CPU
		{C7F896F0-2138-42E8-825A-C2C05FC88516}.Release|Any CPU.Build.0 = Release|Any CPU
		{C7F896F0-2138-42E8-825A-C2C05FC88516}.Release|x64.ActiveCfg = Release|Any CPU
		{C7F896F0-2138-42E8-825A-C2C05FC88516}.Release|x64.Build.0 = Release|Any CPU
		{C7F896F0-2138-42E8-825A-C2C05FC88516}.Release|x86.ActiveCfg = Release|Any CPU
		{C7F896F0-2138-42E8-825A-C2C05FC88516}.Release|x86.Build.0 = Release|Any CPU
		{34E8B2D1-55B0-4EB3-8111-AB40CB63CBE4}.Debug|Any CPU.ActiveCfg = Debug|Any CPU
		{34E8B2D1-55B0-4EB3-8111-AB40CB63CBE4}.Debug|Any CPU.Build.0 = Debug|Any CPU
		{34E8B2D1-55B0-4EB3-8111-AB40CB63CBE4}.Debug|x64.ActiveCfg = Debug|Any CPU
		{34E8B2D1-55B0-4EB3-8111-AB40CB63CBE4}.Debug|x64.Build.0 = Debug|Any CPU
		{34E8B2D1-55B0-4EB3-8111-AB40CB63CBE4}.Debug|x86.ActiveCfg = Debug|Any CPU
		{34E8B2D1-55B0-4EB3-8111-AB40CB63CBE4}.Debug|x86.Build.0 = Debug|Any CPU
		{34E8B2D1-55B0-4EB3-8111-AB40CB63CBE4}.Release|Any CPU.ActiveCfg = Release|Any CPU
		{34E8B2D1-55B0-4EB3-8111-AB40CB63CBE4}.Release|Any CPU.Build.0 = Release|Any CPU
		{34E8B2D1-55B0-4EB3-8111-AB40CB63CBE4}.Release|x64.ActiveCfg = Release|Any CPU
		{34E8B2D1-55B0-4EB3-8111-AB40CB63CBE4}.Release|x64.Build.0 = Release|Any CPU
		{34E8B2D1-55B0-4EB3-8111-AB40CB63CBE4}.Release|x86.ActiveCfg = Release|Any CPU
		{34E8B2D1-55B0-4EB3-8111-AB40CB63CBE4}.Release|x86.Build.0 = Release|Any CPU
		{A18CC295-B2BC-4F18-8095-F33E9C3D3C48}.Debug|Any CPU.ActiveCfg = Debug|Any CPU
		{A18CC295-B2BC-4F18-8095-F33E9C3D3C48}.Debug|Any CPU.Build.0 = Debug|Any CPU
		{A18CC295-B2BC-4F18-8095-F33E9C3D3C48}.Debug|x64.ActiveCfg = Debug|Any CPU
		{A18CC295-B2BC-4F18-8095-F33E9C3D3C48}.Debug|x64.Build.0 = Debug|Any CPU
		{A18CC295-B2BC-4F18-8095-F33E9C3D3C48}.Debug|x86.ActiveCfg = Debug|Any CPU
		{A18CC295-B2BC-4F18-8095-F33E9C3D3C48}.Debug|x86.Build.0 = Debug|Any CPU
		{A18CC295-B2BC-4F18-8095-F33E9C3D3C48}.Release|Any CPU.ActiveCfg = Release|Any CPU
		{A18CC295-B2BC-4F18-8095-F33E9C3D3C48}.Release|Any CPU.Build.0 = Release|Any CPU
		{A18CC295-B2BC-4F18-8095-F33E9C3D3C48}.Release|x64.ActiveCfg = Release|Any CPU
		{A18CC295-B2BC-4F18-8095-F33E9C3D3C48}.Release|x64.Build.0 = Release|Any CPU
		{A18CC295-B2BC-4F18-8095-F33E9C3D3C48}.Release|x86.ActiveCfg = Release|Any CPU
		{A18CC295-B2BC-4F18-8095-F33E9C3D3C48}.Release|x86.Build.0 = Release|Any CPU
		{E8A5B6D8-D242-47D5-858E-A88B5D9E9A17}.Debug|Any CPU.ActiveCfg = Debug|Any CPU
		{E8A5B6D8-D242-47D5-858E-A88B5D9E9A17}.Debug|Any CPU.Build.0 = Debug|Any CPU
		{E8A5B6D8-D242-47D5-858E-A88B5D9E9A17}.Debug|x64.ActiveCfg = Debug|Any CPU
		{E8A5B6D8-D242-47D5-858E-A88B5D9E9A17}.Debug|x64.Build.0 = Debug|Any CPU
		{E8A5B6D8-D242-47D5-858E-A88B5D9E9A17}.Debug|x86.ActiveCfg = Debug|Any CPU
		{E8A5B6D8-D242-47D5-858E-A88B5D9E9A17}.Debug|x86.Build.0 = Debug|Any CPU
		{E8A5B6D8-D242-47D5-858E-A88B5D9E9A17}.Release|Any CPU.ActiveCfg = Release|Any CPU
		{E8A5B6D8-D242-47D5-858E-A88B5D9E9A17}.Release|Any CPU.Build.0 = Release|Any CPU
		{E8A5B6D8-D242-47D5-858E-A88B5D9E9A17}.Release|x64.ActiveCfg = Release|Any CPU
		{E8A5B6D8-D242-47D5-858E-A88B5D9E9A17}.Release|x64.Build.0 = Release|Any CPU
		{E8A5B6D8-D242-47D5-858E-A88B5D9E9A17}.Release|x86.ActiveCfg = Release|Any CPU
		{E8A5B6D8-D242-47D5-858E-A88B5D9E9A17}.Release|x86.Build.0 = Release|Any CPU
		{0DBEDA63-A18B-4C1B-A321-3AC48C0DD3DC}.Debug|Any CPU.ActiveCfg = Debug|Any CPU
		{0DBEDA63-A18B-4C1B-A321-3AC48C0DD3DC}.Debug|Any CPU.Build.0 = Debug|Any CPU
		{0DBEDA63-A18B-4C1B-A321-3AC48C0DD3DC}.Debug|x64.ActiveCfg = Debug|Any CPU
		{0DBEDA63-A18B-4C1B-A321-3AC48C0DD3DC}.Debug|x64.Build.0 = Debug|Any CPU
		{0DBEDA63-A18B-4C1B-A321-3AC48C0DD3DC}.Debug|x86.ActiveCfg = Debug|Any CPU
		{0DBEDA63-A18B-4C1B-A321-3AC48C0DD3DC}.Debug|x86.Build.0 = Debug|Any CPU
		{0DBEDA63-A18B-4C1B-A321-3AC48C0DD3DC}.Release|Any CPU.ActiveCfg = Release|Any CPU
		{0DBEDA63-A18B-4C1B-A321-3AC48C0DD3DC}.Release|Any CPU.Build.0 = Release|Any CPU
		{0DBEDA63-A18B-4C1B-A321-3AC48C0DD3DC}.Release|x64.ActiveCfg = Release|Any CPU
		{0DBEDA63-A18B-4C1B-A321-3AC48C0DD3DC}.Release|x64.Build.0 = Release|Any CPU
		{0DBEDA63-A18B-4C1B-A321-3AC48C0DD3DC}.Release|x86.ActiveCfg = Release|Any CPU
		{0DBEDA63-A18B-4C1B-A321-3AC48C0DD3DC}.Release|x86.Build.0 = Release|Any CPU
		{5B457AF2-1061-4F9D-AC4C-B5F1C6A3109C}.Debug|Any CPU.ActiveCfg = Debug|Any CPU
		{5B457AF2-1061-4F9D-AC4C-B5F1C6A3109C}.Debug|Any CPU.Build.0 = Debug|Any CPU
		{5B457AF2-1061-4F9D-AC4C-B5F1C6A3109C}.Debug|x64.ActiveCfg = Debug|Any CPU
		{5B457AF2-1061-4F9D-AC4C-B5F1C6A3109C}.Debug|x64.Build.0 = Debug|Any CPU
		{5B457AF2-1061-4F9D-AC4C-B5F1C6A3109C}.Debug|x86.ActiveCfg = Debug|Any CPU
		{5B457AF2-1061-4F9D-AC4C-B5F1C6A3109C}.Debug|x86.Build.0 = Debug|Any CPU
		{5B457AF2-1061-4F9D-AC4C-B5F1C6A3109C}.Release|Any CPU.ActiveCfg = Release|Any CPU
		{5B457AF2-1061-4F9D-AC4C-B5F1C6A3109C}.Release|Any CPU.Build.0 = Release|Any CPU
		{5B457AF2-1061-4F9D-AC4C-B5F1C6A3109C}.Release|x64.ActiveCfg = Release|Any CPU
		{5B457AF2-1061-4F9D-AC4C-B5F1C6A3109C}.Release|x64.Build.0 = Release|Any CPU
		{5B457AF2-1061-4F9D-AC4C-B5F1C6A3109C}.Release|x86.ActiveCfg = Release|Any CPU
		{5B457AF2-1061-4F9D-AC4C-B5F1C6A3109C}.Release|x86.Build.0 = Release|Any CPU
		{5636DCBB-8C93-4682-A0D9-B3E59DF12864}.Debug|Any CPU.ActiveCfg = Debug|Any CPU
		{5636DCBB-8C93-4682-A0D9-B3E59DF12864}.Debug|Any CPU.Build.0 = Debug|Any CPU
		{5636DCBB-8C93-4682-A0D9-B3E59DF12864}.Debug|x64.ActiveCfg = Debug|Any CPU
		{5636DCBB-8C93-4682-A0D9-B3E59DF12864}.Debug|x64.Build.0 = Debug|Any CPU
		{5636DCBB-8C93-4682-A0D9-B3E59DF12864}.Debug|x86.ActiveCfg = Debug|Any CPU
		{5636DCBB-8C93-4682-A0D9-B3E59DF12864}.Debug|x86.Build.0 = Debug|Any CPU
		{5636DCBB-8C93-4682-A0D9-B3E59DF12864}.Release|Any CPU.ActiveCfg = Release|Any CPU
		{5636DCBB-8C93-4682-A0D9-B3E59DF12864}.Release|Any CPU.Build.0 = Release|Any CPU
		{5636DCBB-8C93-4682-A0D9-B3E59DF12864}.Release|x64.ActiveCfg = Release|Any CPU
		{5636DCBB-8C93-4682-A0D9-B3E59DF12864}.Release|x64.Build.0 = Release|Any CPU
		{5636DCBB-8C93-4682-A0D9-B3E59DF12864}.Release|x86.ActiveCfg = Release|Any CPU
		{5636DCBB-8C93-4682-A0D9-B3E59DF12864}.Release|x86.Build.0 = Release|Any CPU
		{CD01D552-A6BC-438E-BEEA-10F45BF92A26}.Debug|Any CPU.ActiveCfg = Debug|Any CPU
		{CD01D552-A6BC-438E-BEEA-10F45BF92A26}.Debug|Any CPU.Build.0 = Debug|Any CPU
		{CD01D552-A6BC-438E-BEEA-10F45BF92A26}.Debug|x64.ActiveCfg = Debug|Any CPU
		{CD01D552-A6BC-438E-BEEA-10F45BF92A26}.Debug|x64.Build.0 = Debug|Any CPU
		{CD01D552-A6BC-438E-BEEA-10F45BF92A26}.Debug|x86.ActiveCfg = Debug|Any CPU
		{CD01D552-A6BC-438E-BEEA-10F45BF92A26}.Debug|x86.Build.0 = Debug|Any CPU
		{CD01D552-A6BC-438E-BEEA-10F45BF92A26}.Release|Any CPU.ActiveCfg = Release|Any CPU
		{CD01D552-A6BC-438E-BEEA-10F45BF92A26}.Release|Any CPU.Build.0 = Release|Any CPU
		{CD01D552-A6BC-438E-BEEA-10F45BF92A26}.Release|x64.ActiveCfg = Release|Any CPU
		{CD01D552-A6BC-438E-BEEA-10F45BF92A26}.Release|x64.Build.0 = Release|Any CPU
		{CD01D552-A6BC-438E-BEEA-10F45BF92A26}.Release|x86.ActiveCfg = Release|Any CPU
		{CD01D552-A6BC-438E-BEEA-10F45BF92A26}.Release|x86.Build.0 = Release|Any CPU
		{397EE2CD-4057-4C74-AA28-63FBBDC966CD}.Debug|Any CPU.ActiveCfg = Debug|Any CPU
		{397EE2CD-4057-4C74-AA28-63FBBDC966CD}.Debug|Any CPU.Build.0 = Debug|Any CPU
		{397EE2CD-4057-4C74-AA28-63FBBDC966CD}.Debug|x64.ActiveCfg = Debug|Any CPU
		{397EE2CD-4057-4C74-AA28-63FBBDC966CD}.Debug|x64.Build.0 = Debug|Any CPU
		{397EE2CD-4057-4C74-AA28-63FBBDC966CD}.Debug|x86.ActiveCfg = Debug|Any CPU
		{397EE2CD-4057-4C74-AA28-63FBBDC966CD}.Debug|x86.Build.0 = Debug|Any CPU
		{397EE2CD-4057-4C74-AA28-63FBBDC966CD}.Release|Any CPU.ActiveCfg = Release|Any CPU
		{397EE2CD-4057-4C74-AA28-63FBBDC966CD}.Release|Any CPU.Build.0 = Release|Any CPU
		{397EE2CD-4057-4C74-AA28-63FBBDC966CD}.Release|x64.ActiveCfg = Release|Any CPU
		{397EE2CD-4057-4C74-AA28-63FBBDC966CD}.Release|x64.Build.0 = Release|Any CPU
		{397EE2CD-4057-4C74-AA28-63FBBDC966CD}.Release|x86.ActiveCfg = Release|Any CPU
		{397EE2CD-4057-4C74-AA28-63FBBDC966CD}.Release|x86.Build.0 = Release|Any CPU
		{F0C7CA1B-7A45-45C0-B183-69782707DDAA}.Debug|Any CPU.ActiveCfg = Debug|Any CPU
		{F0C7CA1B-7A45-45C0-B183-69782707DDAA}.Debug|Any CPU.Build.0 = Debug|Any CPU
		{F0C7CA1B-7A45-45C0-B183-69782707DDAA}.Debug|x64.ActiveCfg = Debug|Any CPU
		{F0C7CA1B-7A45-45C0-B183-69782707DDAA}.Debug|x64.Build.0 = Debug|Any CPU
		{F0C7CA1B-7A45-45C0-B183-69782707DDAA}.Debug|x86.ActiveCfg = Debug|Any CPU
		{F0C7CA1B-7A45-45C0-B183-69782707DDAA}.Debug|x86.Build.0 = Debug|Any CPU
		{F0C7CA1B-7A45-45C0-B183-69782707DDAA}.Release|Any CPU.ActiveCfg = Release|Any CPU
		{F0C7CA1B-7A45-45C0-B183-69782707DDAA}.Release|Any CPU.Build.0 = Release|Any CPU
		{F0C7CA1B-7A45-45C0-B183-69782707DDAA}.Release|x64.ActiveCfg = Release|Any CPU
		{F0C7CA1B-7A45-45C0-B183-69782707DDAA}.Release|x64.Build.0 = Release|Any CPU
		{F0C7CA1B-7A45-45C0-B183-69782707DDAA}.Release|x86.ActiveCfg = Release|Any CPU
		{F0C7CA1B-7A45-45C0-B183-69782707DDAA}.Release|x86.Build.0 = Release|Any CPU
		{98E5A23D-FC1E-47FE-9B2E-638F7FB6AEE1}.Debug|Any CPU.ActiveCfg = Debug|Any CPU
		{98E5A23D-FC1E-47FE-9B2E-638F7FB6AEE1}.Debug|Any CPU.Build.0 = Debug|Any CPU
		{98E5A23D-FC1E-47FE-9B2E-638F7FB6AEE1}.Debug|x64.ActiveCfg = Debug|Any CPU
		{98E5A23D-FC1E-47FE-9B2E-638F7FB6AEE1}.Debug|x64.Build.0 = Debug|Any CPU
		{98E5A23D-FC1E-47FE-9B2E-638F7FB6AEE1}.Debug|x86.ActiveCfg = Debug|Any CPU
		{98E5A23D-FC1E-47FE-9B2E-638F7FB6AEE1}.Debug|x86.Build.0 = Debug|Any CPU
		{98E5A23D-FC1E-47FE-9B2E-638F7FB6AEE1}.Release|Any CPU.ActiveCfg = Release|Any CPU
		{98E5A23D-FC1E-47FE-9B2E-638F7FB6AEE1}.Release|Any CPU.Build.0 = Release|Any CPU
		{98E5A23D-FC1E-47FE-9B2E-638F7FB6AEE1}.Release|x64.ActiveCfg = Release|Any CPU
		{98E5A23D-FC1E-47FE-9B2E-638F7FB6AEE1}.Release|x64.Build.0 = Release|Any CPU
		{98E5A23D-FC1E-47FE-9B2E-638F7FB6AEE1}.Release|x86.ActiveCfg = Release|Any CPU
		{98E5A23D-FC1E-47FE-9B2E-638F7FB6AEE1}.Release|x86.Build.0 = Release|Any CPU
		{03FAC333-61E2-4D6F-A0CF-D8C9139F06D3}.Debug|Any CPU.ActiveCfg = Debug|Any CPU
		{03FAC333-61E2-4D6F-A0CF-D8C9139F06D3}.Debug|Any CPU.Build.0 = Debug|Any CPU
		{03FAC333-61E2-4D6F-A0CF-D8C9139F06D3}.Debug|x64.ActiveCfg = Debug|Any CPU
		{03FAC333-61E2-4D6F-A0CF-D8C9139F06D3}.Debug|x64.Build.0 = Debug|Any CPU
		{03FAC333-61E2-4D6F-A0CF-D8C9139F06D3}.Debug|x86.ActiveCfg = Debug|Any CPU
		{03FAC333-61E2-4D6F-A0CF-D8C9139F06D3}.Debug|x86.Build.0 = Debug|Any CPU
		{03FAC333-61E2-4D6F-A0CF-D8C9139F06D3}.Release|Any CPU.ActiveCfg = Release|Any CPU
		{03FAC333-61E2-4D6F-A0CF-D8C9139F06D3}.Release|Any CPU.Build.0 = Release|Any CPU
		{03FAC333-61E2-4D6F-A0CF-D8C9139F06D3}.Release|x64.ActiveCfg = Release|Any CPU
		{03FAC333-61E2-4D6F-A0CF-D8C9139F06D3}.Release|x64.Build.0 = Release|Any CPU
		{03FAC333-61E2-4D6F-A0CF-D8C9139F06D3}.Release|x86.ActiveCfg = Release|Any CPU
		{03FAC333-61E2-4D6F-A0CF-D8C9139F06D3}.Release|x86.Build.0 = Release|Any CPU
		{B2A3D7B3-6966-4F0B-B5D6-5D28341C8A73}.Debug|Any CPU.ActiveCfg = Debug|Any CPU
		{B2A3D7B3-6966-4F0B-B5D6-5D28341C8A73}.Debug|Any CPU.Build.0 = Debug|Any CPU
		{B2A3D7B3-6966-4F0B-B5D6-5D28341C8A73}.Debug|x64.ActiveCfg = Debug|Any CPU
		{B2A3D7B3-6966-4F0B-B5D6-5D28341C8A73}.Debug|x64.Build.0 = Debug|Any CPU
		{B2A3D7B3-6966-4F0B-B5D6-5D28341C8A73}.Debug|x86.ActiveCfg = Debug|Any CPU
		{B2A3D7B3-6966-4F0B-B5D6-5D28341C8A73}.Debug|x86.Build.0 = Debug|Any CPU
		{B2A3D7B3-6966-4F0B-B5D6-5D28341C8A73}.Release|Any CPU.ActiveCfg = Release|Any CPU
		{B2A3D7B3-6966-4F0B-B5D6-5D28341C8A73}.Release|Any CPU.Build.0 = Release|Any CPU
		{B2A3D7B3-6966-4F0B-B5D6-5D28341C8A73}.Release|x64.ActiveCfg = Release|Any CPU
		{B2A3D7B3-6966-4F0B-B5D6-5D28341C8A73}.Release|x64.Build.0 = Release|Any CPU
		{B2A3D7B3-6966-4F0B-B5D6-5D28341C8A73}.Release|x86.ActiveCfg = Release|Any CPU
		{B2A3D7B3-6966-4F0B-B5D6-5D28341C8A73}.Release|x86.Build.0 = Release|Any CPU
		{C4C04239-387B-4BF8-AAC2-81089458BBA0}.Debug|Any CPU.ActiveCfg = Debug|Any CPU
		{C4C04239-387B-4BF8-AAC2-81089458BBA0}.Debug|Any CPU.Build.0 = Debug|Any CPU
		{C4C04239-387B-4BF8-AAC2-81089458BBA0}.Debug|x64.ActiveCfg = Debug|Any CPU
		{C4C04239-387B-4BF8-AAC2-81089458BBA0}.Debug|x64.Build.0 = Debug|Any CPU
		{C4C04239-387B-4BF8-AAC2-81089458BBA0}.Debug|x86.ActiveCfg = Debug|Any CPU
		{C4C04239-387B-4BF8-AAC2-81089458BBA0}.Debug|x86.Build.0 = Debug|Any CPU
		{C4C04239-387B-4BF8-AAC2-81089458BBA0}.Release|Any CPU.ActiveCfg = Release|Any CPU
		{C4C04239-387B-4BF8-AAC2-81089458BBA0}.Release|Any CPU.Build.0 = Release|Any CPU
		{C4C04239-387B-4BF8-AAC2-81089458BBA0}.Release|x64.ActiveCfg = Release|Any CPU
		{C4C04239-387B-4BF8-AAC2-81089458BBA0}.Release|x64.Build.0 = Release|Any CPU
		{C4C04239-387B-4BF8-AAC2-81089458BBA0}.Release|x86.ActiveCfg = Release|Any CPU
		{C4C04239-387B-4BF8-AAC2-81089458BBA0}.Release|x86.Build.0 = Release|Any CPU
		{E7473674-C3D8-48AB-AD2F-7C618E011B51}.Debug|Any CPU.ActiveCfg = Debug|Any CPU
		{E7473674-C3D8-48AB-AD2F-7C618E011B51}.Debug|Any CPU.Build.0 = Debug|Any CPU
		{E7473674-C3D8-48AB-AD2F-7C618E011B51}.Debug|x64.ActiveCfg = Debug|Any CPU
		{E7473674-C3D8-48AB-AD2F-7C618E011B51}.Debug|x64.Build.0 = Debug|Any CPU
		{E7473674-C3D8-48AB-AD2F-7C618E011B51}.Debug|x86.ActiveCfg = Debug|Any CPU
		{E7473674-C3D8-48AB-AD2F-7C618E011B51}.Debug|x86.Build.0 = Debug|Any CPU
		{E7473674-C3D8-48AB-AD2F-7C618E011B51}.Release|Any CPU.ActiveCfg = Release|Any CPU
		{E7473674-C3D8-48AB-AD2F-7C618E011B51}.Release|Any CPU.Build.0 = Release|Any CPU
		{E7473674-C3D8-48AB-AD2F-7C618E011B51}.Release|x64.ActiveCfg = Release|Any CPU
		{E7473674-C3D8-48AB-AD2F-7C618E011B51}.Release|x64.Build.0 = Release|Any CPU
		{E7473674-C3D8-48AB-AD2F-7C618E011B51}.Release|x86.ActiveCfg = Release|Any CPU
		{E7473674-C3D8-48AB-AD2F-7C618E011B51}.Release|x86.Build.0 = Release|Any CPU
		{C08BB036-620D-4892-A610-500D1C9B77D6}.Debug|Any CPU.ActiveCfg = Debug|Any CPU
		{C08BB036-620D-4892-A610-500D1C9B77D6}.Debug|Any CPU.Build.0 = Debug|Any CPU
		{C08BB036-620D-4892-A610-500D1C9B77D6}.Debug|x64.ActiveCfg = Debug|Any CPU
		{C08BB036-620D-4892-A610-500D1C9B77D6}.Debug|x64.Build.0 = Debug|Any CPU
		{C08BB036-620D-4892-A610-500D1C9B77D6}.Debug|x86.ActiveCfg = Debug|Any CPU
		{C08BB036-620D-4892-A610-500D1C9B77D6}.Debug|x86.Build.0 = Debug|Any CPU
		{C08BB036-620D-4892-A610-500D1C9B77D6}.Release|Any CPU.ActiveCfg = Release|Any CPU
		{C08BB036-620D-4892-A610-500D1C9B77D6}.Release|Any CPU.Build.0 = Release|Any CPU
		{C08BB036-620D-4892-A610-500D1C9B77D6}.Release|x64.ActiveCfg = Release|Any CPU
		{C08BB036-620D-4892-A610-500D1C9B77D6}.Release|x64.Build.0 = Release|Any CPU
		{C08BB036-620D-4892-A610-500D1C9B77D6}.Release|x86.ActiveCfg = Release|Any CPU
		{C08BB036-620D-4892-A610-500D1C9B77D6}.Release|x86.Build.0 = Release|Any CPU
		{F1F68D7A-70DA-4B1A-A7EA-1C23FA60D84D}.Debug|Any CPU.ActiveCfg = Debug|Any CPU
		{F1F68D7A-70DA-4B1A-A7EA-1C23FA60D84D}.Debug|Any CPU.Build.0 = Debug|Any CPU
		{F1F68D7A-70DA-4B1A-A7EA-1C23FA60D84D}.Debug|x64.ActiveCfg = Debug|Any CPU
		{F1F68D7A-70DA-4B1A-A7EA-1C23FA60D84D}.Debug|x64.Build.0 = Debug|Any CPU
		{F1F68D7A-70DA-4B1A-A7EA-1C23FA60D84D}.Debug|x86.ActiveCfg = Debug|Any CPU
		{F1F68D7A-70DA-4B1A-A7EA-1C23FA60D84D}.Debug|x86.Build.0 = Debug|Any CPU
		{F1F68D7A-70DA-4B1A-A7EA-1C23FA60D84D}.Release|Any CPU.ActiveCfg = Release|Any CPU
		{F1F68D7A-70DA-4B1A-A7EA-1C23FA60D84D}.Release|Any CPU.Build.0 = Release|Any CPU
		{F1F68D7A-70DA-4B1A-A7EA-1C23FA60D84D}.Release|x64.ActiveCfg = Release|Any CPU
		{F1F68D7A-70DA-4B1A-A7EA-1C23FA60D84D}.Release|x64.Build.0 = Release|Any CPU
		{F1F68D7A-70DA-4B1A-A7EA-1C23FA60D84D}.Release|x86.ActiveCfg = Release|Any CPU
		{F1F68D7A-70DA-4B1A-A7EA-1C23FA60D84D}.Release|x86.Build.0 = Release|Any CPU
		{880591B1-0FC8-4F8B-8D84-968D3C452377}.Debug|Any CPU.ActiveCfg = Debug|Any CPU
		{880591B1-0FC8-4F8B-8D84-968D3C452377}.Debug|Any CPU.Build.0 = Debug|Any CPU
		{880591B1-0FC8-4F8B-8D84-968D3C452377}.Debug|x64.ActiveCfg = Debug|Any CPU
		{880591B1-0FC8-4F8B-8D84-968D3C452377}.Debug|x64.Build.0 = Debug|Any CPU
		{880591B1-0FC8-4F8B-8D84-968D3C452377}.Debug|x86.ActiveCfg = Debug|Any CPU
		{880591B1-0FC8-4F8B-8D84-968D3C452377}.Debug|x86.Build.0 = Debug|Any CPU
		{880591B1-0FC8-4F8B-8D84-968D3C452377}.Release|Any CPU.ActiveCfg = Release|Any CPU
		{880591B1-0FC8-4F8B-8D84-968D3C452377}.Release|Any CPU.Build.0 = Release|Any CPU
		{880591B1-0FC8-4F8B-8D84-968D3C452377}.Release|x64.ActiveCfg = Release|Any CPU
		{880591B1-0FC8-4F8B-8D84-968D3C452377}.Release|x64.Build.0 = Release|Any CPU
		{880591B1-0FC8-4F8B-8D84-968D3C452377}.Release|x86.ActiveCfg = Release|Any CPU
		{880591B1-0FC8-4F8B-8D84-968D3C452377}.Release|x86.Build.0 = Release|Any CPU
		{F2DBF2EA-0DEE-4DE6-A058-BDB8EC4C06F5}.Debug|Any CPU.ActiveCfg = Debug|Any CPU
		{F2DBF2EA-0DEE-4DE6-A058-BDB8EC4C06F5}.Debug|Any CPU.Build.0 = Debug|Any CPU
		{F2DBF2EA-0DEE-4DE6-A058-BDB8EC4C06F5}.Debug|x64.ActiveCfg = Debug|Any CPU
		{F2DBF2EA-0DEE-4DE6-A058-BDB8EC4C06F5}.Debug|x64.Build.0 = Debug|Any CPU
		{F2DBF2EA-0DEE-4DE6-A058-BDB8EC4C06F5}.Debug|x86.ActiveCfg = Debug|Any CPU
		{F2DBF2EA-0DEE-4DE6-A058-BDB8EC4C06F5}.Debug|x86.Build.0 = Debug|Any CPU
		{F2DBF2EA-0DEE-4DE6-A058-BDB8EC4C06F5}.Release|Any CPU.ActiveCfg = Release|Any CPU
		{F2DBF2EA-0DEE-4DE6-A058-BDB8EC4C06F5}.Release|Any CPU.Build.0 = Release|Any CPU
		{F2DBF2EA-0DEE-4DE6-A058-BDB8EC4C06F5}.Release|x64.ActiveCfg = Release|Any CPU
		{F2DBF2EA-0DEE-4DE6-A058-BDB8EC4C06F5}.Release|x64.Build.0 = Release|Any CPU
		{F2DBF2EA-0DEE-4DE6-A058-BDB8EC4C06F5}.Release|x86.ActiveCfg = Release|Any CPU
		{F2DBF2EA-0DEE-4DE6-A058-BDB8EC4C06F5}.Release|x86.Build.0 = Release|Any CPU
		{357C7867-7406-42D2-ADEC-05C49E4841AE}.Debug|Any CPU.ActiveCfg = Debug|Any CPU
		{357C7867-7406-42D2-ADEC-05C49E4841AE}.Debug|Any CPU.Build.0 = Debug|Any CPU
		{357C7867-7406-42D2-ADEC-05C49E4841AE}.Debug|x64.ActiveCfg = Debug|Any CPU
		{357C7867-7406-42D2-ADEC-05C49E4841AE}.Debug|x64.Build.0 = Debug|Any CPU
		{357C7867-7406-42D2-ADEC-05C49E4841AE}.Debug|x86.ActiveCfg = Debug|Any CPU
		{357C7867-7406-42D2-ADEC-05C49E4841AE}.Debug|x86.Build.0 = Debug|Any CPU
		{357C7867-7406-42D2-ADEC-05C49E4841AE}.Release|Any CPU.ActiveCfg = Release|Any CPU
		{357C7867-7406-42D2-ADEC-05C49E4841AE}.Release|Any CPU.Build.0 = Release|Any CPU
		{357C7867-7406-42D2-ADEC-05C49E4841AE}.Release|x64.ActiveCfg = Release|Any CPU
		{357C7867-7406-42D2-ADEC-05C49E4841AE}.Release|x64.Build.0 = Release|Any CPU
		{357C7867-7406-42D2-ADEC-05C49E4841AE}.Release|x86.ActiveCfg = Release|Any CPU
		{357C7867-7406-42D2-ADEC-05C49E4841AE}.Release|x86.Build.0 = Release|Any CPU
		{2BD03E31-AB4C-476A-8CF2-FA117FF2A648}.Debug|Any CPU.ActiveCfg = Debug|Any CPU
		{2BD03E31-AB4C-476A-8CF2-FA117FF2A648}.Debug|Any CPU.Build.0 = Debug|Any CPU
		{2BD03E31-AB4C-476A-8CF2-FA117FF2A648}.Debug|x64.ActiveCfg = Debug|Any CPU
		{2BD03E31-AB4C-476A-8CF2-FA117FF2A648}.Debug|x64.Build.0 = Debug|Any CPU
		{2BD03E31-AB4C-476A-8CF2-FA117FF2A648}.Debug|x86.ActiveCfg = Debug|Any CPU
		{2BD03E31-AB4C-476A-8CF2-FA117FF2A648}.Debug|x86.Build.0 = Debug|Any CPU
		{2BD03E31-AB4C-476A-8CF2-FA117FF2A648}.Release|Any CPU.ActiveCfg = Release|Any CPU
		{2BD03E31-AB4C-476A-8CF2-FA117FF2A648}.Release|Any CPU.Build.0 = Release|Any CPU
		{2BD03E31-AB4C-476A-8CF2-FA117FF2A648}.Release|x64.ActiveCfg = Release|Any CPU
		{2BD03E31-AB4C-476A-8CF2-FA117FF2A648}.Release|x64.Build.0 = Release|Any CPU
		{2BD03E31-AB4C-476A-8CF2-FA117FF2A648}.Release|x86.ActiveCfg = Release|Any CPU
		{2BD03E31-AB4C-476A-8CF2-FA117FF2A648}.Release|x86.Build.0 = Release|Any CPU
		{71CB3CF7-4C99-464D-8B56-AD3416BB4FD5}.Debug|Any CPU.ActiveCfg = Debug|Any CPU
		{71CB3CF7-4C99-464D-8B56-AD3416BB4FD5}.Debug|Any CPU.Build.0 = Debug|Any CPU
		{71CB3CF7-4C99-464D-8B56-AD3416BB4FD5}.Debug|x64.ActiveCfg = Debug|Any CPU
		{71CB3CF7-4C99-464D-8B56-AD3416BB4FD5}.Debug|x64.Build.0 = Debug|Any CPU
		{71CB3CF7-4C99-464D-8B56-AD3416BB4FD5}.Debug|x86.ActiveCfg = Debug|Any CPU
		{71CB3CF7-4C99-464D-8B56-AD3416BB4FD5}.Debug|x86.Build.0 = Debug|Any CPU
		{71CB3CF7-4C99-464D-8B56-AD3416BB4FD5}.Release|Any CPU.ActiveCfg = Release|Any CPU
		{71CB3CF7-4C99-464D-8B56-AD3416BB4FD5}.Release|Any CPU.Build.0 = Release|Any CPU
		{71CB3CF7-4C99-464D-8B56-AD3416BB4FD5}.Release|x64.ActiveCfg = Release|Any CPU
		{71CB3CF7-4C99-464D-8B56-AD3416BB4FD5}.Release|x64.Build.0 = Release|Any CPU
		{71CB3CF7-4C99-464D-8B56-AD3416BB4FD5}.Release|x86.ActiveCfg = Release|Any CPU
		{71CB3CF7-4C99-464D-8B56-AD3416BB4FD5}.Release|x86.Build.0 = Release|Any CPU
		{868F6001-36CF-4B32-8782-8F2DD4648C3F}.Debug|Any CPU.ActiveCfg = Debug|Any CPU
		{868F6001-36CF-4B32-8782-8F2DD4648C3F}.Debug|Any CPU.Build.0 = Debug|Any CPU
		{868F6001-36CF-4B32-8782-8F2DD4648C3F}.Debug|x64.ActiveCfg = Debug|Any CPU
		{868F6001-36CF-4B32-8782-8F2DD4648C3F}.Debug|x64.Build.0 = Debug|Any CPU
		{868F6001-36CF-4B32-8782-8F2DD4648C3F}.Debug|x86.ActiveCfg = Debug|Any CPU
		{868F6001-36CF-4B32-8782-8F2DD4648C3F}.Debug|x86.Build.0 = Debug|Any CPU
		{868F6001-36CF-4B32-8782-8F2DD4648C3F}.Release|Any CPU.ActiveCfg = Release|Any CPU
		{868F6001-36CF-4B32-8782-8F2DD4648C3F}.Release|Any CPU.Build.0 = Release|Any CPU
		{868F6001-36CF-4B32-8782-8F2DD4648C3F}.Release|x64.ActiveCfg = Release|Any CPU
		{868F6001-36CF-4B32-8782-8F2DD4648C3F}.Release|x64.Build.0 = Release|Any CPU
		{868F6001-36CF-4B32-8782-8F2DD4648C3F}.Release|x86.ActiveCfg = Release|Any CPU
		{868F6001-36CF-4B32-8782-8F2DD4648C3F}.Release|x86.Build.0 = Release|Any CPU
	EndGlobalSection
EndGlobal
